#MicroXplorer Configuration settings - do not modify
CAD.formats=
CAD.pinconfig=
CAD.provider=
CortexM0Plus.IPs=ADV_TRACE,GTZC_S\:I,IPCC,MISC,RCC,SEQUENCER_M0PLUS\:I,SIGFOX,SUBGHZ,SUBGHZ_PHY,SYS_M0PLUS\:I,TIMER,TINY_LPM,GPIO,DMA,NVIC2\:I
CortexM4.IPs=ADV_TRACE\:I,FATFS\:I,FREERTOS\:I,GTZC_NS\:I,IPCC\:I,MISC\:I,RCC\:I,SEQUENCER_M4\:I,SIGFOX\:I,SUBGHZ_PHY\:I,SYS\:I,TIMER\:I,TINY_LPM\:I,GPIO\:I,DMA\:I,NVIC1\:I,USART2\:I
CortexM4.Pins=PB15,PB9
File.Version=6
GPIO.groupedBy=
KeepUserPlacement=false
Mcu.CPN=STM32WL55JCI6
Mcu.Context0=CortexM4
Mcu.Context1=CortexM0Plus
Mcu.ContextNb=2
Mcu.ContextProject=DualCore
Mcu.Family=STM32WL
Mcu.IP0=NVIC1
Mcu.IP1=NVIC2
Mcu.IP2=RCC
Mcu.IP3=SYS_M0PLUS
Mcu.IP4=SYS
Mcu.IP5=USART2
Mcu.IPNb=6
Mcu.Name=STM32WL55JCIx
Mcu.Package=UFBGA73
Mcu.Pin0=PB15
Mcu.Pin1=PB9
Mcu.Pin2=PA3
Mcu.Pin3=PA2
Mcu.Pin4=VP_SYS_VS_Systick
Mcu.Pin5=VP_SYS_M0PLUS_VS_Systick
Mcu.PinsNb=6
Mcu.ThirdPartyNb=0
Mcu.UserConstants=
Mcu.UserName=STM32WL55JCIx
MxCube.Version=6.17.0
MxDb.Version=DB.6.0.170
NVIC1.BusFault_IRQn=true\:0\:0\:false\:false\:true\:false\:false\:false
NVIC1.DebugMonitor_IRQn=true\:0\:0\:false\:false\:true\:false\:false\:false
NVIC1.ForceEnableDMAVector=true
NVIC1.HardFault_IRQn=true\:0\:0\:false\:false\:true\:false\:false\:false
NVIC1.MemoryManagement_IRQn=true\:0\:0\:false\:false\:true\:false\:false\:false
NVIC1.NonMaskableInt_IRQn=true\:0\:0\:false\:false\:true\:false\:false\:false
NVIC1.PendSV_IRQn=true\:0\:0\:false\:false\:true\:false\:false\:false
NVIC1.PriorityGroup=NVIC_PRIORITYGROUP_4
NVIC1.SVCall_IRQn=true\:0\:0\:false\:false\:true\:false\:false\:false
NVIC1.SysTick_IRQn=true\:15\:0\:false\:false\:true\:false\:true\:false
NVIC1.UsageFault_IRQn=true\:0\:0\:false\:false\:true\:false\:false\:false
NVIC2.ForceEnableDMAVector=true
NVIC2.HardFault_IRQn=true\:0\:0\:false\:false\:true\:false\:false\:false
NVIC2.NonMaskableInt_IRQn=true\:0\:0\:false\:false\:true\:false\:false\:false
NVIC2.PendSV_IRQn=true\:0\:0\:false\:false\:true\:false\:false\:false
NVIC2.SVC_IRQn=true\:0\:0\:false\:false\:true\:false\:false\:true
NVIC2.SysTick_IRQn=true\:3\:0\:false\:false\:true\:false\:true\:false
PA2.GPIOParameters=PinAttribute
PA2.Mode=Asynchronous
PA2.PinAttribute=CortexM4
PA2.Signal=USART2_TX
PA3.GPIOParameters=PinAttribute
PA3.Mode=Asynchronous
PA3.PinAttribute=CortexM4
PA3.Signal=USART2_RX
PB15.ContextOwner=CortexM4
PB15.GPIOParameters=PinAttribute
PB15.Locked=true
PB15.PinAttribute=CortexM4
PB15.Signal=GPIO_Output
PB9.ContextOwner=CortexM4
PB9.GPIOParameters=PinAttribute
PB9.Locked=true
PB9.PinAttribute=CortexM4
PB9.Signal=GPIO_Output
PCC.SUBGHZ.FrequencyBand=High
PCC.SUBGHZ.Modulation=FSK
PCC.SUBGHZ.OptionalSettings=false
PCC.SUBGHZ.Output.Power=14
PCC.SUBGHZ.PowerAmplifier=Low Power
PCC.SUBGHZ.RxBoosted=false
PCC.SUBGHZ.SMPS=Off
PinOutPanel.CurrentBGAView=Top
PinOutPanel.RotationAngle=0
ProjectManager.AskForMigrate=true
ProjectManager.BackupPrevious=false
ProjectManager.BootMode=boot0
ProjectManager.CompilerLinker=GCC
ProjectManager.CompilerOptimize=6
ProjectManager.ComputerToolchain=false
ProjectManager.CoupleFile=false
ProjectManager.CustomerFirmwarePackage=
ProjectManager.DefaultFWLocation=true
ProjectManager.DeletePrevious=true
ProjectManager.DeviceId=STM32WL55JCIx
ProjectManager.FirmwarePackage=STM32Cube FW_WL V1.5.0
ProjectManager.FreePins=false
ProjectManager.FreePinsContext=CortexM4
ProjectManager.HalAssertFull=false
ProjectManager.HeapSize=M4-0x200,M0P-0x200
ProjectManager.KeepUserCode=true
ProjectManager.LastFirmware=true
ProjectManager.LibraryCopy=1
ProjectManager.MainLocation=Core/Src
ProjectManager.NoMain=false
ProjectManager.PreviousToolchain=STM32CubeIDE
ProjectManager.ProjectBuild=false
ProjectManager.ProjectFileName=93_STM32.ioc
ProjectManager.ProjectName=93_STM32
ProjectManager.ProjectStructure=M4\:CortexM4 Project\:true;M0P\:CortexM0Plus Project\:true;
ProjectManager.RegisterCallBack=
ProjectManager.StackSize=M4-0x400,M0P-0x400
ProjectManager.TargetToolchain=STM32CubeIDE
ProjectManager.ToolChainLocation=
ProjectManager.UAScriptAfterPath=
ProjectManager.UAScriptBeforePath=
ProjectManager.UnderRoot=true
ProjectManager.functionlistsort=1-SystemClock_Config-RCC-false-HAL-false-CortexM4,2-MX_GPIO_Init-GPIO-false-HAL-true-CortexM4,3-MX_USART2_UART_Init-USART2-false-HAL-true-CortexM4
RCC.FamilyName=M
RCC.HCLK2Freq_Value=4000000
RCC.HSE_VALUE=8000000
RCC.HSI_VALUE=16000000
RCC.I2S2Freq_Value=16000000
RCC.IPParameters=FamilyName,HCLK2Freq_Value,HSE_VALUE,HSI_VALUE,I2S2Freq_Value,LSCOPinFreq_Value,LSE_VALUE,PLLPoutputFreq_Value,PLLQoutputFreq_Value,PLLRCLKFreq_Value,RNGFreq_Value,VCOInputFreq_Value,VCOOutputFreq_Value
RCC.LSCOPinFreq_Value=32000
RCC.LSE_VALUE=32768
RCC.PLLPoutputFreq_Value=16000000
RCC.PLLQoutputFreq_Value=16000000
RCC.PLLRCLKFreq_Value=16000000
RCC.RNGFreq_Value=32000
RCC.VCOInputFreq_Value=4000000
RCC.VCOOutputFreq_Value=32000000
SYS.userName=SYS_M4
SYS_M0PLUS.userName=SYS_M0+
USART2.IPParameters=VirtualMode-Asynchronous
USART2.VirtualMode-Asynchronous=VM_ASYNC
VP_SYS_M0PLUS_VS_Systick.Mode=SysTick
VP_SYS_M0PLUS_VS_Systick.Signal=SYS_M0PLUS_VS_Systick
VP_SYS_VS_Systick.Mode=SysTick
VP_SYS_VS_Systick.Signal=SYS_VS_Systick
board=custom
